
Microsoft Visual Studio Solution File, Format Version 12.00
# Visual Studio Version 17
VisualStudioVersion = 17.4.33103.184
MinimumVisualStudioVersion = 10.0.40219.1
Project("{9A19103F-16F7-4668-BE54-9A1E7A4F7556}") = "BankWebApp", "BankWebApp\BankWebApp.csproj", "{325E6364-D36D-4D02-BE80-3F91AE314B3C}"
EndProject
Global
	GlobalSection(SolutionConfigurationPlatforms) = preSolution
		Debug|Any CPU = Debug|Any CPU
		Release|Any CPU = Release|Any CPU
	EndGlobalSection
	GlobalSection(ProjectConfigurationPlatforms) = postSolution
		{325E6364-D36D-4D02-BE80-3F91AE314B3C}.Debug|Any CPU.ActiveCfg = Debug|Any CPU
		{325E6364-D36D-4D02-BE80-3F91AE314B3C}.Debug|Any CPU.Build.0 = Debug|Any CPU
		{325E6364-D36D-4D02-BE80-3F91AE314B3C}.Release|Any CPU.ActiveCfg = Release|Any CPU
		{325E6364-D36D-4D02-BE80-3F91AE314B3C}.Release|Any CPU.Build.0 = Release|Any CPU
	EndGlobalSection
	GlobalSection(SolutionProperties) = preSolution
		HideSolutionNode = FALSE
	EndGlobalSection
	GlobalSection(ExtensibilityGlobals) = postSolution
		SolutionGuid = {6251A727-E9CA-4BB9-A6D8-9F035156F7E7}
	EndGlobalSection
EndGlobal
